
Microsoft Visual Studio Solution File, Format Version 12.00
Project("{FAE04EC0-301F-11D3-BF4B-00C04F79EFBC}") = "UniversiteBackEnd", "UniversiteBackEnd.csproj", "{F895B40F-482B-4ABD-9045-A74714D9323A}"
EndProject
Global
	GlobalSection(SolutionConfigurationPlatforms) = preSolution
		Debug|Any CPU = Debug|Any CPU
		Release|Any CPU = Release|Any CPU
	EndGlobalSection
	GlobalSection(ProjectConfigurationPlatforms) = postSolution
		{F895B40F-482B-4ABD-9045-A74714D9323A}.Debug|Any CPU.ActiveCfg = Debug|Any CPU
		{F895B40F-482B-4ABD-9045-A74714D9323A}.Debug|Any CPU.Build.0 = Debug|Any CPU
		{F895B40F-482B-4ABD-9045-A74714D9323A}.Release|Any CPU.ActiveCfg = Release|Any CPU
		{F895B40F-482B-4ABD-9045-A74714D9323A}.Release|Any CPU.Build.0 = Release|Any CPU
	EndGlobalSection
EndGlobal
