
Microsoft Visual Studio Solution File, Format Version 12.00
Project("{FAE04EC0-301F-11D3-BF4B-00C04F79EFBC}") = "UniversiteDomain", "UniversiteDomain\UniversiteDomain.csproj", "{1CEA0503-E2CD-4BC8-B3E0-49FA6AD408FF}"
EndProject
Project("{2150E333-8FDC-42A3-9474-1A3956D46DE8}") = "Domain", "Domain", "{D98369A7-47F9-47B5-97EF-B6E48151291A}"
EndProject
Project("{2150E333-8FDC-42A3-9474-1A3956D46DE8}") = "DataProviders", "DataProviders", "{D08B0A74-E249-4ECD-B152-1FAAAAA37BAE}"
EndProject
Project("{2150E333-8FDC-42A3-9474-1A3956D46DE8}") = "EntryPoints", "EntryPoints", "{8CE34548-EB32-4184-834A-53BB3B778C35}"
EndProject
Project("{2150E333-8FDC-42A3-9474-1A3956D46DE8}") = "UnitTests", "UnitTests", "{AD0DDC99-C452-4BE9-91E1-C563E0D36B21}"
EndProject
Project("{FAE04EC0-301F-11D3-BF4B-00C04F79EFBC}") = "UniversiteDomainUnitTests", "UniversiteDomainUnitTests\UniversiteDomainUnitTests.csproj", "{2B1CE255-19A6-4310-B1E4-374A2E201F3C}"
EndProject
Project("{FAE04EC0-301F-11D3-BF4B-00C04F79EFBC}") = "UniversiteEFDataProvider", "UniversiteEFDataProvider\UniversiteEFDataProvider.csproj", "{FCCC0F7F-3397-46E5-B310-D02822E2DBB8}"
EndProject
Global
	GlobalSection(SolutionConfigurationPlatforms) = preSolution
		Debug|Any CPU = Debug|Any CPU
		Release|Any CPU = Release|Any CPU
	EndGlobalSection
	GlobalSection(ProjectConfigurationPlatforms) = postSolution
		{1CEA0503-E2CD-4BC8-B3E0-49FA6AD408FF}.Debug|Any CPU.ActiveCfg = Debug|Any CPU
		{1CEA0503-E2CD-4BC8-B3E0-49FA6AD408FF}.Debug|Any CPU.Build.0 = Debug|Any CPU
		{1CEA0503-E2CD-4BC8-B3E0-49FA6AD408FF}.Release|Any CPU.ActiveCfg = Release|Any CPU
		{1CEA0503-E2CD-4BC8-B3E0-49FA6AD408FF}.Release|Any CPU.Build.0 = Release|Any CPU
		{2B1CE255-19A6-4310-B1E4-374A2E201F3C}.Debug|Any CPU.ActiveCfg = Debug|Any CPU
		{2B1CE255-19A6-4310-B1E4-374A2E201F3C}.Debug|Any CPU.Build.0 = Debug|Any CPU
		{2B1CE255-19A6-4310-B1E4-374A2E201F3C}.Release|Any CPU.ActiveCfg = Release|Any CPU
		{2B1CE255-19A6-4310-B1E4-374A2E201F3C}.Release|Any CPU.Build.0 = Release|Any CPU
		{FCCC0F7F-3397-46E5-B310-D02822E2DBB8}.Debug|Any CPU.ActiveCfg = Debug|Any CPU
		{FCCC0F7F-3397-46E5-B310-D02822E2DBB8}.Debug|Any CPU.Build.0 = Debug|Any CPU
		{FCCC0F7F-3397-46E5-B310-D02822E2DBB8}.Release|Any CPU.ActiveCfg = Release|Any CPU
		{FCCC0F7F-3397-46E5-B310-D02822E2DBB8}.Release|Any CPU.Build.0 = Release|Any CPU
	EndGlobalSection
	GlobalSection(NestedProjects) = preSolution
		{2B1CE255-19A6-4310-B1E4-374A2E201F3C} = {AD0DDC99-C452-4BE9-91E1-C563E0D36B21}
		{1CEA0503-E2CD-4BC8-B3E0-49FA6AD408FF} = {D98369A7-47F9-47B5-97EF-B6E48151291A}
		{FCCC0F7F-3397-46E5-B310-D02822E2DBB8} = {D08B0A74-E249-4ECD-B152-1FAAAAA37BAE}
	EndGlobalSection
EndGlobal
